
Microsoft Visual Studio Solution File, Format Version 12.00
# Visual Studio Version 17
VisualStudioVersion = 17.6.33829.357
MinimumVisualStudioVersion = 10.0.40219.1
Project("{FAE04EC0-301F-11D3-BF4B-00C04F79EFBC}") = "FIT5032_MyCodeSnippet", "FIT5032_MyCodeSnippet\FIT5032_MyCodeSnippet.csproj", "{DC69D7A3-138C-47C9-AC58-8B143B3A8748}"
EndProject
Global
	GlobalSection(SolutionConfigurationPlatforms) = preSolution
		Debug|Any CPU = Debug|Any CPU
		Release|Any CPU = Release|Any CPU
	EndGlobalSection
	GlobalSection(ProjectConfigurationPlatforms) = postSolution
		{DC69D7A3-138C-47C9-AC58-8B143B3A8748}.Debug|Any CPU.ActiveCfg = Debug|Any CPU
		{DC69D7A3-138C-47C9-AC58-8B143B3A8748}.Debug|Any CPU.Build.0 = Debug|Any CPU
		{DC69D7A3-138C-47C9-AC58-8B143B3A8748}.Release|Any CPU.ActiveCfg = Release|Any CPU
		{DC69D7A3-138C-47C9-AC58-8B143B3A8748}.Release|Any CPU.Build.0 = Release|Any CPU
	EndGlobalSection
	GlobalSection(SolutionProperties) = preSolution
		HideSolutionNode = FALSE
	EndGlobalSection
	GlobalSection(ExtensibilityGlobals) = postSolution
		SolutionGuid = {6AB373F2-1FDA-4A57-B8BB-CF39D0C6B07D}
	EndGlobalSection
EndGlobal
